
Microsoft Visual Studio Solution File, Format Version 12.00
# Visual Studio Version 17
VisualStudioVersion = 17.6.33829.357
MinimumVisualStudioVersion = 10.0.40219.1
Project("{9A19103F-16F7-4668-BE54-9A1E7A4F7556}") = "MVC_WebApplication", "MVC_WebApplication.csproj", "{CE6FBF5E-4A10-460A-8A0D-208CF3904D14}"
EndProject
Global
	GlobalSection(SolutionConfigurationPlatforms) = preSolution
		Debug|Any CPU = Debug|Any CPU
		Release|Any CPU = Release|Any CPU
	EndGlobalSection
	GlobalSection(ProjectConfigurationPlatforms) = postSolution
		{CE6FBF5E-4A10-460A-8A0D-208CF3904D14}.Debug|Any CPU.ActiveCfg = Debug|Any CPU
		{CE6FBF5E-4A10-460A-8A0D-208CF3904D14}.Debug|Any CPU.Build.0 = Debug|Any CPU
		{CE6FBF5E-4A10-460A-8A0D-208CF3904D14}.Release|Any CPU.ActiveCfg = Release|Any CPU
		{CE6FBF5E-4A10-460A-8A0D-208CF3904D14}.Release|Any CPU.Build.0 = Release|Any CPU
	EndGlobalSection
	GlobalSection(SolutionProperties) = preSolution
		HideSolutionNode = FALSE
	EndGlobalSection
	GlobalSection(ExtensibilityGlobals) = postSolution
		SolutionGuid = {59B2DFF7-C282-485D-8AE5-3D2C1CC3779C}
	EndGlobalSection
EndGlobal
